{
  "name": "scanner-data-generator",
  "version": "1.0.0",
  "lockfileVersion": 1,
  "requires": true,
  "dependencies": {
    "esm": {
      "version": "3.2.0",
      "resolved": "https://registry.npmjs.org/esm/-/esm-3.2.0.tgz",
      "integrity": "sha512-yK4IiHmmInOk9q4xbJXdUfPV0ju7GbRCbhtpe5/gH7nRiD6RAb12Ix7zfsqQkDL5WERwzFlq/eT6zTXDWwIk+w=="
    },
    "msnodesqlv8": {
      "version": "0.6.12",
      "resolved": "https://registry.npmjs.org/msnodesqlv8/-/msnodesqlv8-0.6.12.tgz",
      "integrity": "sha512-pIEed9JEW+wn1TOvQdvJ62CPOwbNvxsqhO/FrLj7SUmmQF8nvfPddve5UDwE4nkPV+aIA+6903mcJ/YI8QoRxw=="
    }
  }
}
